PODS:
  - Flutter (1.0.0)
  - flutter_gromore (0.0.1):
    - Flutter

DEPENDENCIES:
  - Flutter (from `Flutter`)
  - flutter_gromore (from `.symlinks/plugins/flutter_gromore/ios`)

EXTERNAL SOURCES:
  Flutter:
    :path: Flutter
  flutter_gromore:
    :path: ".symlinks/plugins/flutter_gromore/ios"

SPEC CHECKSUMS:
  Flutter: 50d75fe2f02b26cc09d224853bb45737f8b3214a
  flutter_gromore: a5fb7da5249fcbdc07b48c2d9da8349086c60d6b

PODFILE CHECKSUM: aafe91acc616949ddb318b77800a7f51bffa2a4c

COCOAPODS: 1.11.2
